{
  "name": "video-info-test",
  "version": "1.0.0",
  "lockfileVersion": 1,
  "requires": true,
  "dependencies": {
    "node-video-lib": {
      "version": "2.0.4",
      "resolved": "https://registry.npmjs.org/node-video-lib/-/node-video-lib-2.0.4.tgz",
      "integrity": "sha1-4OR2n8XgHC0UaX88NeQBfcmcRvg="
    }
  }
}
